
Microsoft Visual Studio Solution File, Format Version 12.00
# Visual Studio Version 16
VisualStudioVersion = 16.0.33130.400
MinimumVisualStudioVersion = 10.0.40219.1
Project("{FAE04EC0-301F-11D3-BF4B-00C04F79EFBC}") = "explanatoryDictionary", "explanatoryDictionary\explanatoryDictionary.csproj", "{B0A35A49-045B-418F-B447-6E1600F366A4}"
EndProject
Global
	GlobalSection(SolutionConfigurationPlatforms) = preSolution
		Debug|Any CPU = Debug|Any CPU
		Release|Any CPU = Release|Any CPU
	EndGlobalSection
	GlobalSection(ProjectConfigurationPlatforms) = postSolution
		{B0A35A49-045B-418F-B447-6E1600F366A4}.Debug|Any CPU.ActiveCfg = Debug|Any CPU
		{B0A35A49-045B-418F-B447-6E1600F366A4}.Debug|Any CPU.Build.0 = Debug|Any CPU
		{B0A35A49-045B-418F-B447-6E1600F366A4}.Release|Any CPU.ActiveCfg = Release|Any CPU
		{B0A35A49-045B-418F-B447-6E1600F366A4}.Release|Any CPU.Build.0 = Release|Any CPU
	EndGlobalSection
	GlobalSection(SolutionProperties) = preSolution
		HideSolutionNode = FALSE
	EndGlobalSection
	GlobalSection(ExtensibilityGlobals) = postSolution
		SolutionGuid = {9BECC9C3-1879-40F5-B539-0A01A8B7989D}
	EndGlobalSection
EndGlobal
